
Microsoft Visual Studio Solution File, Format Version 12.00
# Visual Studio Version 17
VisualStudioVersion = 17.6.33717.318
MinimumVisualStudioVersion = 10.0.40219.1
Project("{9A19103F-16F7-4668-BE54-9A1E7A4F7556}") = "Ephemerally", "src\Ephemerally\Ephemerally.csproj", "{F6DC7E73-019F-4E25-A68A-243638597499}"
EndProject
Project("{9A19103F-16F7-4668-BE54-9A1E7A4F7556}") = "Ephemerally.Azure.Cosmos", "src\Ephemerally.Azure.Cosmos\Ephemerally.Azure.Cosmos.csproj", "{0DC573DD-DB25-4D78-BD8B-8D2839196BB9}"
EndProject
Project("{9A19103F-16F7-4668-BE54-9A1E7A4F7556}") = "Ephemerally.Azure.Cosmos.Xunit", "src\Ephemerally.Azure.Cosmos.Xunit\Ephemerally.Azure.Cosmos.Xunit.csproj", "{2C2F96A8-BB10-40C6-9F1D-D6CD0EAEBAEB}"
EndProject
Project("{2150E333-8FDC-42A3-9474-1A3956D46DE8}") = "src", "src", "{F9102409-3748-4DA6-9D7B-784339508244}"
EndProject
Project("{2150E333-8FDC-42A3-9474-1A3956D46DE8}") = "tests", "tests", "{AF30F58C-5E9B-4406-9E13-114C46F4E410}"
EndProject
Project("{9A19103F-16F7-4668-BE54-9A1E7A4F7556}") = "Ephemerally.Tests", "tests\Ephemerally.Tests\Ephemerally.Tests.csproj", "{751D596B-8729-40DB-A172-EF9C55CBDA95}"
EndProject
Project("{9A19103F-16F7-4668-BE54-9A1E7A4F7556}") = "Ephemerally.Azure.Cosmos.Tests", "tests\Ephemerally.Azure.Cosmos.Tests\Ephemerally.Azure.Cosmos.Tests.csproj", "{DB56A0B0-0EAC-4DE1-8E4D-B62AC8109ACF}"
EndProject
Project("{9A19103F-16F7-4668-BE54-9A1E7A4F7556}") = "Ephemerally.Azure", "src\Ephemerally.Azure\Ephemerally.Azure.csproj", "{B99D5934-DD84-4709-95F8-90F795D66747}"
EndProject
Project("{9A19103F-16F7-4668-BE54-9A1E7A4F7556}") = "Ephemerally.Redis", "src\Ephemerally.Redis\Ephemerally.Redis.csproj", "{7E763132-0532-4689-A738-7CB71635AC63}"
EndProject
Project("{9A19103F-16F7-4668-BE54-9A1E7A4F7556}") = "Ephemerally.Redis.Tests", "tests\Ephemerally.Redis.Tests\Ephemerally.Redis.Tests.csproj", "{E186436A-12C9-4140-A279-19227CFF8533}"
EndProject
Project("{9A19103F-16F7-4668-BE54-9A1E7A4F7556}") = "Ephemerally.Redis.Xunit", "src\Ephemerally.Redis.Xunit\Ephemerally.Redis.Xunit.csproj", "{5A30E9EA-AB80-4E08-A81F-99CE329B34B8}"
EndProject
Project("{2150E333-8FDC-42A3-9474-1A3956D46DE8}") = ".github", ".github", "{EBD69ABD-040A-447C-8633-D929206F2BBC}"
	ProjectSection(SolutionItems) = preProject
		.github\workflows\build_and_test.yml = .github\workflows\build_and_test.yml
		.github\workflows\release.yml = .github\workflows\release.yml
		.github\workflows\tag.yml = .github\workflows\tag.yml
	EndProjectSection
EndProject
Project("{FAE04EC0-301F-11D3-BF4B-00C04F79EFBC}") = "Ephemerally.SqlServer", "src\Ephemerally.SqlServer\Ephemerally.SqlServer.csproj", "{0B9D581D-58AA-4C71-8B0C-B6A8C8CF736F}"
EndProject
Global
	GlobalSection(SolutionConfigurationPlatforms) = preSolution
		Debug|Any CPU = Debug|Any CPU
		Release|Any CPU = Release|Any CPU
	EndGlobalSection
	GlobalSection(ProjectConfigurationPlatforms) = postSolution
		{F6DC7E73-019F-4E25-A68A-243638597499}.Debug|Any CPU.ActiveCfg = Debug|Any CPU
		{F6DC7E73-019F-4E25-A68A-243638597499}.Debug|Any CPU.Build.0 = Debug|Any CPU
		{F6DC7E73-019F-4E25-A68A-243638597499}.Release|Any CPU.ActiveCfg = Release|Any CPU
		{F6DC7E73-019F-4E25-A68A-243638597499}.Release|Any CPU.Build.0 = Release|Any CPU
		{0DC573DD-DB25-4D78-BD8B-8D2839196BB9}.Debug|Any CPU.ActiveCfg = Debug|Any CPU
		{0DC573DD-DB25-4D78-BD8B-8D2839196BB9}.Debug|Any CPU.Build.0 = Debug|Any CPU
		{0DC573DD-DB25-4D78-BD8B-8D2839196BB9}.Release|Any CPU.ActiveCfg = Release|Any CPU
		{0DC573DD-DB25-4D78-BD8B-8D2839196BB9}.Release|Any CPU.Build.0 = Release|Any CPU
		{2C2F96A8-BB10-40C6-9F1D-D6CD0EAEBAEB}.Debug|Any CPU.ActiveCfg = Debug|Any CPU
		{2C2F96A8-BB10-40C6-9F1D-D6CD0EAEBAEB}.Debug|Any CPU.Build.0 = Debug|Any CPU
		{2C2F96A8-BB10-40C6-9F1D-D6CD0EAEBAEB}.Release|Any CPU.ActiveCfg = Release|Any CPU
		{2C2F96A8-BB10-40C6-9F1D-D6CD0EAEBAEB}.Release|Any CPU.Build.0 = Release|Any CPU
		{751D596B-8729-40DB-A172-EF9C55CBDA95}.Debug|Any CPU.ActiveCfg = Debug|Any CPU
		{751D596B-8729-40DB-A172-EF9C55CBDA95}.Debug|Any CPU.Build.0 = Debug|Any CPU
		{751D596B-8729-40DB-A172-EF9C55CBDA95}.Release|Any CPU.ActiveCfg = Release|Any CPU
		{751D596B-8729-40DB-A172-EF9C55CBDA95}.Release|Any CPU.Build.0 = Release|Any CPU
		{DB56A0B0-0EAC-4DE1-8E4D-B62AC8109ACF}.Debug|Any CPU.ActiveCfg = Debug|Any CPU
		{DB56A0B0-0EAC-4DE1-8E4D-B62AC8109ACF}.Debug|Any CPU.Build.0 = Debug|Any CPU
		{DB56A0B0-0EAC-4DE1-8E4D-B62AC8109ACF}.Release|Any CPU.ActiveCfg = Release|Any CPU
		{DB56A0B0-0EAC-4DE1-8E4D-B62AC8109ACF}.Release|Any CPU.Build.0 = Release|Any CPU
		{B99D5934-DD84-4709-95F8-90F795D66747}.Debug|Any CPU.ActiveCfg = Debug|Any CPU
		{B99D5934-DD84-4709-95F8-90F795D66747}.Debug|Any CPU.Build.0 = Debug|Any CPU
		{B99D5934-DD84-4709-95F8-90F795D66747}.Release|Any CPU.ActiveCfg = Release|Any CPU
		{B99D5934-DD84-4709-95F8-90F795D66747}.Release|Any CPU.Build.0 = Release|Any CPU
		{7E763132-0532-4689-A738-7CB71635AC63}.Debug|Any CPU.ActiveCfg = Debug|Any CPU
		{7E763132-0532-4689-A738-7CB71635AC63}.Debug|Any CPU.Build.0 = Debug|Any CPU
		{7E763132-0532-4689-A738-7CB71635AC63}.Release|Any CPU.ActiveCfg = Release|Any CPU
		{7E763132-0532-4689-A738-7CB71635AC63}.Release|Any CPU.Build.0 = Release|Any CPU
		{E186436A-12C9-4140-A279-19227CFF8533}.Debug|Any CPU.ActiveCfg = Debug|Any CPU
		{E186436A-12C9-4140-A279-19227CFF8533}.Debug|Any CPU.Build.0 = Debug|Any CPU
		{E186436A-12C9-4140-A279-19227CFF8533}.Release|Any CPU.ActiveCfg = Release|Any CPU
		{E186436A-12C9-4140-A279-19227CFF8533}.Release|Any CPU.Build.0 = Release|Any CPU
		{5A30E9EA-AB80-4E08-A81F-99CE329B34B8}.Debug|Any CPU.ActiveCfg = Debug|Any CPU
		{5A30E9EA-AB80-4E08-A81F-99CE329B34B8}.Debug|Any CPU.Build.0 = Debug|Any CPU
		{5A30E9EA-AB80-4E08-A81F-99CE329B34B8}.Release|Any CPU.ActiveCfg = Release|Any CPU
		{5A30E9EA-AB80-4E08-A81F-99CE329B34B8}.Release|Any CPU.Build.0 = Release|Any CPU
		{0B9D581D-58AA-4C71-8B0C-B6A8C8CF736F}.Debug|Any CPU.ActiveCfg = Debug|Any CPU
		{0B9D581D-58AA-4C71-8B0C-B6A8C8CF736F}.Debug|Any CPU.Build.0 = Debug|Any CPU
		{0B9D581D-58AA-4C71-8B0C-B6A8C8CF736F}.Release|Any CPU.ActiveCfg = Release|Any CPU
		{0B9D581D-58AA-4C71-8B0C-B6A8C8CF736F}.Release|Any CPU.Build.0 = Release|Any CPU
	EndGlobalSection
	GlobalSection(SolutionProperties) = preSolution
		HideSolutionNode = FALSE
	EndGlobalSection
	GlobalSection(NestedProjects) = preSolution
		{F6DC7E73-019F-4E25-A68A-243638597499} = {F9102409-3748-4DA6-9D7B-784339508244}
		{0DC573DD-DB25-4D78-BD8B-8D2839196BB9} = {F9102409-3748-4DA6-9D7B-784339508244}
		{2C2F96A8-BB10-40C6-9F1D-D6CD0EAEBAEB} = {F9102409-3748-4DA6-9D7B-784339508244}
		{751D596B-8729-40DB-A172-EF9C55CBDA95} = {AF30F58C-5E9B-4406-9E13-114C46F4E410}
		{DB56A0B0-0EAC-4DE1-8E4D-B62AC8109ACF} = {AF30F58C-5E9B-4406-9E13-114C46F4E410}
		{B99D5934-DD84-4709-95F8-90F795D66747} = {F9102409-3748-4DA6-9D7B-784339508244}
		{0B9D581D-58AA-4C71-8B0C-B6A8C8CF736F} = {F9102409-3748-4DA6-9D7B-784339508244}
		{7E763132-0532-4689-A738-7CB71635AC63} = {F9102409-3748-4DA6-9D7B-784339508244}
		{E186436A-12C9-4140-A279-19227CFF8533} = {AF30F58C-5E9B-4406-9E13-114C46F4E410}
		{5A30E9EA-AB80-4E08-A81F-99CE329B34B8} = {F9102409-3748-4DA6-9D7B-784339508244}
	EndGlobalSection
	GlobalSection(ExtensibilityGlobals) = postSolution
		SolutionGuid = {5690E595-5302-46D7-AA86-89D55117B068}
	EndGlobalSection
EndGlobal
